
Microsoft Visual Studio Solution File, Format Version 12.00
# Visual Studio Version 17
VisualStudioVersion = 17.5.33502.453
MinimumVisualStudioVersion = 10.0.40219.1
Project("{FAE04EC0-301F-11D3-BF4B-00C04F79EFBC}") = "PdfEncrypter", "PdfEncrypter\PdfEncrypter.csproj", "{BD0126E1-13EF-4336-B351-6D5DFA032B91}"
EndProject
Global
	GlobalSection(SolutionConfigurationPlatforms) = preSolution
		Debug|Any CPU = Debug|Any CPU
		Release|Any CPU = Release|Any CPU
	EndGlobalSection
	GlobalSection(ProjectConfigurationPlatforms) = postSolution
		{BD0126E1-13EF-4336-B351-6D5DFA032B91}.Debug|Any CPU.ActiveCfg = Debug|Any CPU
		{BD0126E1-13EF-4336-B351-6D5DFA032B91}.Debug|Any CPU.Build.0 = Debug|Any CPU
		{BD0126E1-13EF-4336-B351-6D5DFA032B91}.Release|Any CPU.ActiveCfg = Release|Any CPU
		{BD0126E1-13EF-4336-B351-6D5DFA032B91}.Release|Any CPU.Build.0 = Release|Any CPU
	EndGlobalSection
	GlobalSection(SolutionProperties) = preSolution
		HideSolutionNode = FALSE
	EndGlobalSection
	GlobalSection(ExtensibilityGlobals) = postSolution
		SolutionGuid = {D1117E88-20CB-4761-B985-2D2D755CE811}
	EndGlobalSection
EndGlobal
